
Microsoft Visual Studio Solution File, Format Version 12.00
# Visual Studio 15
VisualStudioVersion = 15.0.27130.2010
MinimumVisualStudioVersion = 10.0.40219.1
Project("{9A19103F-16F7-4668-BE54-9A1E7A4F7556}") = "WebSiteMonitor", "WebSiteMonitor\WebSiteMonitor.csproj", "{FB51A766-41CB-460E-9DFD-D201832C84AA}"
EndProject
Project("{9A19103F-16F7-4668-BE54-9A1E7A4F7556}") = "HttpStatusMonitor", "HttpStatusMonitor\HttpStatusMonitor.csproj", "{6B5513A0-108A-4515-A65C-341C23B327BA}"
EndProject
Project("{9A19103F-16F7-4668-BE54-9A1E7A4F7556}") = "MonitorServices", "MonitorServices\MonitorServices.csproj", "{F174C823-66AD-4A63-AEA8-27B662DF342E}"
EndProject
Project("{9A19103F-16F7-4668-BE54-9A1E7A4F7556}") = "NotifyChannels", "NotifyChannels\NotifyChannels.csproj", "{072CF3EC-81D2-45F4-9EA8-36F2A64BC86D}"
EndProject
Project("{FAE04EC0-301F-11D3-BF4B-00C04F79EFBC}") = "ServiceStatusMonitor", "ServiceStatusMonitor\ServiceStatusMonitor.csproj", "{1DBBFA52-FE71-4B77-8111-0DCC759F9F19}"
EndProject
Global
	GlobalSection(SolutionConfigurationPlatforms) = preSolution
		Debug|Any CPU = Debug|Any CPU
		Release|Any CPU = Release|Any CPU
	EndGlobalSection
	GlobalSection(ProjectConfigurationPlatforms) = postSolution
		{FB51A766-41CB-460E-9DFD-D201832C84AA}.Debug|Any CPU.ActiveCfg = Debug|Any CPU
		{FB51A766-41CB-460E-9DFD-D201832C84AA}.Debug|Any CPU.Build.0 = Debug|Any CPU
		{FB51A766-41CB-460E-9DFD-D201832C84AA}.Release|Any CPU.ActiveCfg = Release|Any CPU
		{FB51A766-41CB-460E-9DFD-D201832C84AA}.Release|Any CPU.Build.0 = Release|Any CPU
		{6B5513A0-108A-4515-A65C-341C23B327BA}.Debug|Any CPU.ActiveCfg = Debug|Any CPU
		{6B5513A0-108A-4515-A65C-341C23B327BA}.Debug|Any CPU.Build.0 = Debug|Any CPU
		{6B5513A0-108A-4515-A65C-341C23B327BA}.Release|Any CPU.ActiveCfg = Release|Any CPU
		{6B5513A0-108A-4515-A65C-341C23B327BA}.Release|Any CPU.Build.0 = Release|Any CPU
		{F174C823-66AD-4A63-AEA8-27B662DF342E}.Debug|Any CPU.ActiveCfg = Debug|Any CPU
		{F174C823-66AD-4A63-AEA8-27B662DF342E}.Debug|Any CPU.Build.0 = Debug|Any CPU
		{F174C823-66AD-4A63-AEA8-27B662DF342E}.Release|Any CPU.ActiveCfg = Release|Any CPU
		{F174C823-66AD-4A63-AEA8-27B662DF342E}.Release|Any CPU.Build.0 = Release|Any CPU
		{072CF3EC-81D2-45F4-9EA8-36F2A64BC86D}.Debug|Any CPU.ActiveCfg = Debug|Any CPU
		{072CF3EC-81D2-45F4-9EA8-36F2A64BC86D}.Debug|Any CPU.Build.0 = Debug|Any CPU
		{072CF3EC-81D2-45F4-9EA8-36F2A64BC86D}.Release|Any CPU.ActiveCfg = Release|Any CPU
		{072CF3EC-81D2-45F4-9EA8-36F2A64BC86D}.Release|Any CPU.Build.0 = Release|Any CPU
		{1DBBFA52-FE71-4B77-8111-0DCC759F9F19}.Debug|Any CPU.ActiveCfg = Debug|Any CPU
		{1DBBFA52-FE71-4B77-8111-0DCC759F9F19}.Debug|Any CPU.Build.0 = Debug|Any CPU
		{1DBBFA52-FE71-4B77-8111-0DCC759F9F19}.Release|Any CPU.ActiveCfg = Release|Any CPU
		{1DBBFA52-FE71-4B77-8111-0DCC759F9F19}.Release|Any CPU.Build.0 = Release|Any CPU
	EndGlobalSection
	GlobalSection(SolutionProperties) = preSolution
		HideSolutionNode = FALSE
	EndGlobalSection
	GlobalSection(ExtensibilityGlobals) = postSolution
		SolutionGuid = {BE6D953A-9EA8-465E-8126-D8C45F1782EA}
	EndGlobalSection
EndGlobal
