
Microsoft Visual Studio Solution File, Format Version 12.00
# Visual Studio 15
VisualStudioVersion = 15.0.27130.2036
MinimumVisualStudioVersion = 10.0.40219.1
Project("{9A19103F-16F7-4668-BE54-9A1E7A4F7556}") = "XMonitor", "XMonitor\XMonitor.csproj", "{A68FF25D-4BA3-479D-8696-3352C23A45E9}"
EndProject
Project("{9A19103F-16F7-4668-BE54-9A1E7A4F7556}") = "XMonitor.Core", "XMonitor.Core\XMonitor.Core.csproj", "{9C893A62-6A0A-4AE0-9955-1F559867C5FC}"
EndProject
Project("{9A19103F-16F7-4668-BE54-9A1E7A4F7556}") = "XMonitor.NotifyChannels", "XMonitor.NotifyChannels\XMonitor.NotifyChannels.csproj", "{86C9D277-17F5-4952-968F-A8A231B665AF}"
EndProject
Project("{9A19103F-16F7-4668-BE54-9A1E7A4F7556}") = "XMonitor.ServiceProcess", "XMonitor.ServiceProcess\XMonitor.ServiceProcess.csproj", "{27170B41-53DC-4F28-8B46-5517642B1679}"
EndProject
Project("{9A19103F-16F7-4668-BE54-9A1E7A4F7556}") = "XMonitor.WebSite", "XMonitor.WebSite\XMonitor.WebSite.csproj", "{C2DCA98E-CA36-4FCC-BFDF-01015E7BED48}"
EndProject
Project("{9A19103F-16F7-4668-BE54-9A1E7A4F7556}") = "XMonitor.Process", "XMonitor.Process\XMonitor.Process.csproj", "{8169AF1D-3DD6-4B41-83B2-FF23DB574D6C}"
EndProject
Project("{FAE04EC0-301F-11D3-BF4B-00C04F79EFBC}") = "XMonitor.Cpu", "XMonitor.Cpu\XMonitor.Cpu.csproj", "{837C453C-409B-4F62-BCAB-F7A211A81F69}"
EndProject
Global
	GlobalSection(SolutionConfigurationPlatforms) = preSolution
		Debug|Any CPU = Debug|Any CPU
		Release|Any CPU = Release|Any CPU
	EndGlobalSection
	GlobalSection(ProjectConfigurationPlatforms) = postSolution
		{A68FF25D-4BA3-479D-8696-3352C23A45E9}.Debug|Any CPU.ActiveCfg = Debug|Any CPU
		{A68FF25D-4BA3-479D-8696-3352C23A45E9}.Debug|Any CPU.Build.0 = Debug|Any CPU
		{A68FF25D-4BA3-479D-8696-3352C23A45E9}.Release|Any CPU.ActiveCfg = Release|Any CPU
		{A68FF25D-4BA3-479D-8696-3352C23A45E9}.Release|Any CPU.Build.0 = Release|Any CPU
		{9C893A62-6A0A-4AE0-9955-1F559867C5FC}.Debug|Any CPU.ActiveCfg = Debug|Any CPU
		{9C893A62-6A0A-4AE0-9955-1F559867C5FC}.Debug|Any CPU.Build.0 = Debug|Any CPU
		{9C893A62-6A0A-4AE0-9955-1F559867C5FC}.Release|Any CPU.ActiveCfg = Release|Any CPU
		{9C893A62-6A0A-4AE0-9955-1F559867C5FC}.Release|Any CPU.Build.0 = Release|Any CPU
		{86C9D277-17F5-4952-968F-A8A231B665AF}.Debug|Any CPU.ActiveCfg = Debug|Any CPU
		{86C9D277-17F5-4952-968F-A8A231B665AF}.Debug|Any CPU.Build.0 = Debug|Any CPU
		{86C9D277-17F5-4952-968F-A8A231B665AF}.Release|Any CPU.ActiveCfg = Release|Any CPU
		{86C9D277-17F5-4952-968F-A8A231B665AF}.Release|Any CPU.Build.0 = Release|Any CPU
		{27170B41-53DC-4F28-8B46-5517642B1679}.Debug|Any CPU.ActiveCfg = Debug|Any CPU
		{27170B41-53DC-4F28-8B46-5517642B1679}.Debug|Any CPU.Build.0 = Debug|Any CPU
		{27170B41-53DC-4F28-8B46-5517642B1679}.Release|Any CPU.ActiveCfg = Release|Any CPU
		{27170B41-53DC-4F28-8B46-5517642B1679}.Release|Any CPU.Build.0 = Release|Any CPU
		{C2DCA98E-CA36-4FCC-BFDF-01015E7BED48}.Debug|Any CPU.ActiveCfg = Debug|Any CPU
		{C2DCA98E-CA36-4FCC-BFDF-01015E7BED48}.Debug|Any CPU.Build.0 = Debug|Any CPU
		{C2DCA98E-CA36-4FCC-BFDF-01015E7BED48}.Release|Any CPU.ActiveCfg = Release|Any CPU
		{C2DCA98E-CA36-4FCC-BFDF-01015E7BED48}.Release|Any CPU.Build.0 = Release|Any CPU
		{8169AF1D-3DD6-4B41-83B2-FF23DB574D6C}.Debug|Any CPU.ActiveCfg = Debug|Any CPU
		{8169AF1D-3DD6-4B41-83B2-FF23DB574D6C}.Debug|Any CPU.Build.0 = Debug|Any CPU
		{8169AF1D-3DD6-4B41-83B2-FF23DB574D6C}.Release|Any CPU.ActiveCfg = Release|Any CPU
		{8169AF1D-3DD6-4B41-83B2-FF23DB574D6C}.Release|Any CPU.Build.0 = Release|Any CPU
		{837C453C-409B-4F62-BCAB-F7A211A81F69}.Debug|Any CPU.ActiveCfg = Debug|Any CPU
		{837C453C-409B-4F62-BCAB-F7A211A81F69}.Debug|Any CPU.Build.0 = Debug|Any CPU
		{837C453C-409B-4F62-BCAB-F7A211A81F69}.Release|Any CPU.ActiveCfg = Release|Any CPU
		{837C453C-409B-4F62-BCAB-F7A211A81F69}.Release|Any CPU.Build.0 = Release|Any CPU
	EndGlobalSection
	GlobalSection(SolutionProperties) = preSolution
		HideSolutionNode = FALSE
	EndGlobalSection
	GlobalSection(ExtensibilityGlobals) = postSolution
		SolutionGuid = {BE6D953A-9EA8-465E-8126-D8C45F1782EA}
	EndGlobalSection
EndGlobal
